
Microsoft Visual Studio Solution File, Format Version 12.00
# Visual Studio Version 17
VisualStudioVersion = 17.9.34902.65
MinimumVisualStudioVersion = 10.0.40219.1
Project("{FAE04EC0-301F-11D3-BF4B-00C04F79EFBC}") = "StringCsharp", "StringCsharp.csproj", "{43594992-8353-4829-9F6E-19A9C47323DA}"
EndProject
Global
	GlobalSection(SolutionConfigurationPlatforms) = preSolution
		Debug|Any CPU = Debug|Any CPU
		Release|Any CPU = Release|Any CPU
	EndGlobalSection
	GlobalSection(ProjectConfigurationPlatforms) = postSolution
		{43594992-8353-4829-9F6E-19A9C47323DA}.Debug|Any CPU.ActiveCfg = Debug|Any CPU
		{43594992-8353-4829-9F6E-19A9C47323DA}.Debug|Any CPU.Build.0 = Debug|Any CPU
		{43594992-8353-4829-9F6E-19A9C47323DA}.Release|Any CPU.ActiveCfg = Release|Any CPU
		{43594992-8353-4829-9F6E-19A9C47323DA}.Release|Any CPU.Build.0 = Release|Any CPU
	EndGlobalSection
	GlobalSection(SolutionProperties) = preSolution
		HideSolutionNode = FALSE
	EndGlobalSection
	GlobalSection(ExtensibilityGlobals) = postSolution
		SolutionGuid = {AEF363F7-5B1A-46A7-84F6-07E7A08B6719}
	EndGlobalSection
EndGlobal
